
Microsoft Visual Studio Solution File, Format Version 12.00
# Visual Studio Version 17
VisualStudioVersion = 17.4.33205.214
MinimumVisualStudioVersion = 10.0.40219.1
Project("{FAE04EC0-301F-11D3-BF4B-00C04F79EFBC}") = "NilveraAPI", "NilveraAPI\NilveraAPI.csproj", "{C2A2C20A-F4B0-4562-B721-83A629AD5DC0}"
EndProject
Global
	GlobalSection(SolutionConfigurationPlatforms) = preSolution
		Debug|Any CPU = Debug|Any CPU
		Release|Any CPU = Release|Any CPU
	EndGlobalSection
	GlobalSection(ProjectConfigurationPlatforms) = postSolution
		{C2A2C20A-F4B0-4562-B721-83A629AD5DC0}.Debug|Any CPU.ActiveCfg = Debug|Any CPU
		{C2A2C20A-F4B0-4562-B721-83A629AD5DC0}.Debug|Any CPU.Build.0 = Debug|Any CPU
		{C2A2C20A-F4B0-4562-B721-83A629AD5DC0}.Release|Any CPU.ActiveCfg = Release|Any CPU
		{C2A2C20A-F4B0-4562-B721-83A629AD5DC0}.Release|Any CPU.Build.0 = Release|Any CPU
	EndGlobalSection
	GlobalSection(SolutionProperties) = preSolution
		HideSolutionNode = FALSE
	EndGlobalSection
	GlobalSection(ExtensibilityGlobals) = postSolution
		SolutionGuid = {B3608E12-12FE-4C94-B663-5798447C5EE4}
	EndGlobalSection
EndGlobal
